// !$*UTF8*$!
{
	archiveVersion = 1;
	classes = {
	};
	objectVersion = 56;
	objects = {

/* Begin PBXBuildFile section */
		844A23D62EB3630D005F3533 /* GLRGBARenderView.m in Sources */ = {isa = PBXBuildFile; fileRef = 844A23D52EB3630D005F3533 /* GLRGBARenderView.m */; };
		844A240D2EB39C63005F3533 /* Facebetter.framework in Frameworks */ = {isa = PBXBuildFile; fileRef = 844A240B2EB39C5D005F3533 /* Facebetter.framework */; };
		844A240E2EB39C63005F3533 /* Facebetter.framework in Embed Frameworks */ = {isa = PBXBuildFile; fileRef = 844A240B2EB39C5D005F3533 /* Facebetter.framework */; settings = {ATTRIBUTES = (CodeSignOnCopy, RemoveHeadersOnCopy, ); }; };
		846E18DD2E6EDF8A00D3B53C /* BeautyPanelViewController.m in Sources */ = {isa = PBXBuildFile; fileRef = 846E18D02E6EDF8A00D3B53C /* BeautyPanelViewController.m */; };
		84DCA0762E372964008E8A26 /* AppDelegate.m in Sources */ = {isa = PBXBuildFile; fileRef = 84DCA0752E372964008E8A26 /* AppDelegate.m */; };
		84DCA0792E372964008E8A26 /* SceneDelegate.m in Sources */ = {isa = PBXBuildFile; fileRef = 84DCA0782E372964008E8A26 /* SceneDelegate.m */; };
		84DCA07C2E372964008E8A26 /* ViewController.m in Sources */ = {isa = PBXBuildFile; fileRef = 84DCA07B2E372964008E8A26 /* ViewController.m */; };
		84DCA07F2E372964008E8A26 /* Main.storyboard in Resources */ = {isa = PBXBuildFile; fileRef = 84DCA07D2E372964008E8A26 /* Main.storyboard */; };
		84DCA0812E372966008E8A26 /* Assets.xcassets in Resources */ = {isa = PBXBuildFile; fileRef = 84DCA0802E372966008E8A26 /* Assets.xcassets */; };
		84DCA0842E372966008E8A26 /* LaunchScreen.storyboard in Resources */ = {isa = PBXBuildFile; fileRef = 84DCA0822E372966008E8A26 /* LaunchScreen.storyboard */; };
		84DCA0872E372966008E8A26 /* main.m in Sources */ = {isa = PBXBuildFile; fileRef = 84DCA0862E372966008E8A26 /* main.m */; };
		84DCA0AF2E372CE8008E8A26 /* CameraManager.m in Sources */ = {isa = PBXBuildFile; fileRef = 84DCA0AD2E372CE8008E8A26 /* CameraManager.m */; };
/* End PBXBuildFile section */

/* Begin PBXCopyFilesBuildPhase section */
		844A23FE2EB36609005F3533 /* Embed Frameworks */ = {
			isa = PBXCopyFilesBuildPhase;
			buildActionMask = 2147483647;
			dstPath = "";
			dstSubfolderSpec = 10;
			files = (
				844A240E2EB39C63005F3533 /* Facebetter.framework in Embed Frameworks */,
			);
			name = "Embed Frameworks";
			runOnlyForDeploymentPostprocessing = 0;
		};
/* End PBXCopyFilesBuildPhase section */

/* Begin PBXFileReference section */
		844A23C72EB3630D005F3533 /* GLRGBARenderView.h */ = {isa = PBXFileReference; fileEncoding = 4; lastKnownFileType = sourcecode.c.h; path = GLRGBARenderView.h; sourceTree = "<group>"; };
		844A23D52EB3630D005F3533 /* GLRGBARenderView.m */ = {isa = PBXFileReference; fileEncoding = 4; lastKnownFileType = sourcecode.c.objc; path = GLRGBARenderView.m; sourceTree = "<group>"; };
		844A240B2EB39C5D005F3533 /* Facebetter.framework */ = {isa = PBXFileReference; lastKnownFileType = wrapper.framework; name = Facebetter.framework; path = FBExampleObjc/libs/Facebetter.framework; sourceTree = "<group>"; };
		846E18D02E6EDF8A00D3B53C /* BeautyPanelViewController.m */ = {isa = PBXFileReference; fileEncoding = 4; lastKnownFileType = sourcecode.c.objc; path = BeautyPanelViewController.m; sourceTree = "<group>"; };
		846E18DC2E6EDF8A00D3B53C /* BeautyPanelViewController.h */ = {isa = PBXFileReference; fileEncoding = 4; lastKnownFileType = sourcecode.c.h; path = BeautyPanelViewController.h; sourceTree = "<group>"; };
		84DCA0712E372964008E8A26 /* Facebetter.app */ = {isa = PBXFileReference; explicitFileType = wrapper.application; includeInIndex = 0; path = Facebetter.app; sourceTree = BUILT_PRODUCTS_DIR; };
		84DCA0742E372964008E8A26 /* AppDelegate.h */ = {isa = PBXFileReference; lastKnownFileType = sourcecode.c.h; path = AppDelegate.h; sourceTree = "<group>"; };
		84DCA0752E372964008E8A26 /* AppDelegate.m */ = {isa = PBXFileReference; lastKnownFileType = sourcecode.c.objc; path = AppDelegate.m; sourceTree = "<group>"; };
		84DCA0772E372964008E8A26 /* SceneDelegate.h */ = {isa = PBXFileReference; lastKnownFileType = sourcecode.c.h; path = SceneDelegate.h; sourceTree = "<group>"; };
		84DCA0782E372964008E8A26 /* SceneDelegate.m */ = {isa = PBXFileReference; lastKnownFileType = sourcecode.c.objc; path = SceneDelegate.m; sourceTree = "<group>"; };
		84DCA07A2E372964008E8A26 /* ViewController.h */ = {isa = PBXFileReference; lastKnownFileType = sourcecode.c.h; path = ViewController.h; sourceTree = "<group>"; };
		84DCA07B2E372964008E8A26 /* ViewController.m */ = {isa = PBXFileReference; lastKnownFileType = sourcecode.c.objc; path = ViewController.m; sourceTree = "<group>"; };
		84DCA07E2E372964008E8A26 /* Base */ = {isa = PBXFileReference; lastKnownFileType = file.storyboard; name = Base; path = Base.lproj/Main.storyboard; sourceTree = "<group>"; };
		84DCA0802E372966008E8A26 /* Assets.xcassets */ = {isa = PBXFileReference; lastKnownFileType = folder.assetcatalog; path = Assets.xcassets; sourceTree = "<group>"; };
		84DCA0832E372966008E8A26 /* Base */ = {isa = PBXFileReference; lastKnownFileType = file.storyboard; name = Base; path = Base.lproj/LaunchScreen.storyboard; sourceTree = "<group>"; };
		84DCA0852E372966008E8A26 /* Info.plist */ = {isa = PBXFileReference; lastKnownFileType = text.plist.xml; path = Info.plist; sourceTree = "<group>"; };
		84DCA0862E372966008E8A26 /* main.m */ = {isa = PBXFileReference; lastKnownFileType = sourcecode.c.objc; path = main.m; sourceTree = "<group>"; };
		84DCA0AD2E372CE8008E8A26 /* CameraManager.m */ = {isa = PBXFileReference; fileEncoding = 4; lastKnownFileType = sourcecode.c.objc; path = CameraManager.m; sourceTree = "<group>"; };
		84DCA0AE2E372CE8008E8A26 /* CameraManager.h */ = {isa = PBXFileReference; fileEncoding = 4; lastKnownFileType = sourcecode.c.h; path = CameraManager.h; sourceTree = "<group>"; };
/* End PBXFileReference section */

/* Begin PBXFrameworksBuildPhase section */
		84DCA06E2E372964008E8A26 /* Frameworks */ = {
			isa = PBXFrameworksBuildPhase;
			buildActionMask = 2147483647;
			files = (
				844A240D2EB39C63005F3533 /* Facebetter.framework in Frameworks */,
			);
			runOnlyForDeploymentPostprocessing = 0;
		};
/* End PBXFrameworksBuildPhase section */

/* Begin PBXGroup section */
		84DCA0682E372964008E8A26 = {
			isa = PBXGroup;
			children = (
				84DCA0732E372964008E8A26 /* FBExampleObjc */,
				84DCA0722E372964008E8A26 /* Products */,
				84DCA0B82E37461F008E8A26 /* Frameworks */,
			);
			sourceTree = "<group>";
		};
		84DCA0722E372964008E8A26 /* Products */ = {
			isa = PBXGroup;
			children = (
				84DCA0712E372964008E8A26 /* Facebetter.app */,
			);
			name = Products;
			sourceTree = "<group>";
		};
		84DCA0732E372964008E8A26 /* FBExampleObjc */ = {
			isa = PBXGroup;
			children = (
				84DCA0742E372964008E8A26 /* AppDelegate.h */,
				84DCA0752E372964008E8A26 /* AppDelegate.m */,
				84DCA0772E372964008E8A26 /* SceneDelegate.h */,
				84DCA0782E372964008E8A26 /* SceneDelegate.m */,
				84DCA07A2E372964008E8A26 /* ViewController.h */,
				84DCA07B2E372964008E8A26 /* ViewController.m */,
				84DCA0AE2E372CE8008E8A26 /* CameraManager.h */,
				84DCA0AD2E372CE8008E8A26 /* CameraManager.m */,
				846E18DC2E6EDF8A00D3B53C /* BeautyPanelViewController.h */,
				846E18D02E6EDF8A00D3B53C /* BeautyPanelViewController.m */,
				844A23C72EB3630D005F3533 /* GLRGBARenderView.h */,
				844A23D52EB3630D005F3533 /* GLRGBARenderView.m */,
				84DCA07D2E372964008E8A26 /* Main.storyboard */,
				84DCA0802E372966008E8A26 /* Assets.xcassets */,
				84DCA0822E372966008E8A26 /* LaunchScreen.storyboard */,
				84DCA0852E372966008E8A26 /* Info.plist */,
				84DCA0862E372966008E8A26 /* main.m */,
			);
			path = FBExampleObjc;
			sourceTree = "<group>";
		};
		84DCA0B82E37461F008E8A26 /* Frameworks */ = {
			isa = PBXGroup;
			children = (
				844A240B2EB39C5D005F3533 /* Facebetter.framework */,
			);
			name = Frameworks;
			sourceTree = "<group>";
		};
/* End PBXGroup section */

/* Begin PBXNativeTarget section */
		84DCA0702E372964008E8A26 /* FBExampleObjc */ = {
			isa = PBXNativeTarget;
			buildConfigurationList = 84DCA08A2E372966008E8A26 /* Build configuration list for PBXNativeTarget "FBExampleObjc" */;
			buildPhases = (
				84DCA06D2E372964008E8A26 /* Sources */,
				84DCA06E2E372964008E8A26 /* Frameworks */,
				84DCA06F2E372964008E8A26 /* Resources */,
				844A23FE2EB36609005F3533 /* Embed Frameworks */,
			);
			buildRules = (
			);
			dependencies = (
			);
			name = FBExampleObjc;
			productName = FBExampleObjc;
			productReference = 84DCA0712E372964008E8A26 /* Facebetter.app */;
			productType = "com.apple.product-type.application";
		};
/* End PBXNativeTarget section */

/* Begin PBXProject section */
		84DCA0692E372964008E8A26 /* Project object */ = {
			isa = PBXProject;
			attributes = {
				BuildIndependentTargetsInParallel = 1;
				LastUpgradeCheck = 1520;
				TargetAttributes = {
					84DCA0702E372964008E8A26 = {
						CreatedOnToolsVersion = 15.2;
					};
				};
			};
			buildConfigurationList = 84DCA06C2E372964008E8A26 /* Build configuration list for PBXProject "FBExampleObjc" */;
			compatibilityVersion = "Xcode 14.0";
			developmentRegion = en;
			hasScannedForEncodings = 0;
			knownRegions = (
				en,
				Base,
			);
			mainGroup = 84DCA0682E372964008E8A26;
			productRefGroup = 84DCA0722E372964008E8A26 /* Products */;
			projectDirPath = "";
			projectRoot = "";
			targets = (
				84DCA0702E372964008E8A26 /* FBExampleObjc */,
			);
		};
/* End PBXProject section */

/* Begin PBXResourcesBuildPhase section */
		84DCA06F2E372964008E8A26 /* Resources */ = {
			isa = PBXResourcesBuildPhase;
			buildActionMask = 2147483647;
			files = (
				84DCA0842E372966008E8A26 /* LaunchScreen.storyboard in Resources */,
				84DCA0812E372966008E8A26 /* Assets.xcassets in Resources */,
				84DCA07F2E372964008E8A26 /* Main.storyboard in Resources */,
			);
			runOnlyForDeploymentPostprocessing = 0;
		};
/* End PBXResourcesBuildPhase section */

/* Begin PBXSourcesBuildPhase section */
		84DCA06D2E372964008E8A26 /* Sources */ = {
			isa = PBXSourcesBuildPhase;
			buildActionMask = 2147483647;
			files = (
				84DCA07C2E372964008E8A26 /* ViewController.m in Sources */,
				846E18DD2E6EDF8A00D3B53C /* BeautyPanelViewController.m in Sources */,
				84DCA0762E372964008E8A26 /* AppDelegate.m in Sources */,
				84DCA0872E372966008E8A26 /* main.m in Sources */,
				844A23D62EB3630D005F3533 /* GLRGBARenderView.m in Sources */,
				84DCA0792E372964008E8A26 /* SceneDelegate.m in Sources */,
				84DCA0AF2E372CE8008E8A26 /* CameraManager.m in Sources */,
			);
			runOnlyForDeploymentPostprocessing = 0;
		};
/* End PBXSourcesBuildPhase section */

/* Begin PBXVariantGroup section */
		84DCA07D2E372964008E8A26 /* Main.storyboard */ = {
			isa = PBXVariantGroup;
			children = (
				84DCA07E2E372964008E8A26 /* Base */,
			);
			name = Main.storyboard;
			sourceTree = "<group>";
		};
		84DCA0822E372966008E8A26 /* LaunchScreen.storyboard */ = {
			isa = PBXVariantGroup;
			children = (
				84DCA0832E372966008E8A26 /* Base */,
			);
			name = LaunchScreen.storyboard;
			sourceTree = "<group>";
		};
/* End PBXVariantGroup section */

/* Begin XCBuildConfiguration section */
		84DCA0882E372966008E8A26 /* Debug */ = {
			isa = XCBuildConfiguration;
			buildSettings = {
				ALWAYS_SEARCH_USER_PATHS = NO;
				ASSETCATALOG_COMPILER_GENERATE_SWIFT_ASSET_SYMBOL_EXTENSIONS = YES;
				CLANG_ANALYZER_NONNULL = YES;
				CLANG_ANALYZER_NUMBER_OBJECT_CONVERSION = YES_AGGRESSIVE;
				CLANG_CXX_LANGUAGE_STANDARD = "gnu++20";
				CLANG_ENABLE_MODULES = YES;
				CLANG_ENABLE_OBJC_ARC = YES;
				CLANG_ENABLE_OBJC_WEAK = YES;
				CLANG_WARN_BLOCK_CAPTURE_AUTORELEASING = YES;
				CLANG_WARN_BOOL_CONVERSION = YES;
				CLANG_WARN_COMMA = YES;
				CLANG_WARN_CONSTANT_CONVERSION = YES;
				CLANG_WARN_DEPRECATED_OBJC_IMPLEMENTATIONS = YES;
				CLANG_WARN_DIRECT_OBJC_ISA_USAGE = YES_ERROR;
				CLANG_WARN_DOCUMENTATION_COMMENTS = YES;
				CLANG_WARN_EMPTY_BODY = YES;
				CLANG_WARN_ENUM_CONVERSION = YES;
				CLANG_WARN_INFINITE_RECURSION = YES;
				CLANG_WARN_INT_CONVERSION = YES;
				CLANG_WARN_NON_LITERAL_NULL_CONVERSION = YES;
				CLANG_WARN_OBJC_IMPLICIT_RETAIN_SELF = YES;
				CLANG_WARN_OBJC_LITERAL_CONVERSION = YES;
				CLANG_WARN_OBJC_ROOT_CLASS = YES_ERROR;
				CLANG_WARN_QUOTED_INCLUDE_IN_FRAMEWORK_HEADER = YES;
				CLANG_WARN_RANGE_LOOP_ANALYSIS = YES;
				CLANG_WARN_STRICT_PROTOTYPES = YES;
				CLANG_WARN_SUSPICIOUS_MOVE = YES;
				CLANG_WARN_UNGUARDED_AVAILABILITY = YES_AGGRESSIVE;
				CLANG_WARN_UNREACHABLE_CODE = YES;
				CLANG_WARN__DUPLICATE_METHOD_MATCH = YES;
				COPY_PHASE_STRIP = NO;
				DEBUG_INFORMATION_FORMAT = dwarf;
				ENABLE_STRICT_OBJC_MSGSEND = YES;
				ENABLE_TESTABILITY = YES;
				ENABLE_USER_SCRIPT_SANDBOXING = YES;
				GCC_C_LANGUAGE_STANDARD = gnu17;
				GCC_DYNAMIC_NO_PIC = NO;
				GCC_NO_COMMON_BLOCKS = YES;
				GCC_OPTIMIZATION_LEVEL = 0;
				GCC_PREPROCESSOR_DEFINITIONS = (
					"DEBUG=1",
					"$(inherited)",
				);
				GCC_WARN_64_TO_32_BIT_CONVERSION = YES;
				GCC_WARN_ABOUT_RETURN_TYPE = YES_ERROR;
				GCC_WARN_UNDECLARED_SELECTOR = YES;
				GCC_WARN_UNINITIALIZED_AUTOS = YES_AGGRESSIVE;
				GCC_WARN_UNUSED_FUNCTION = YES;
				GCC_WARN_UNUSED_VARIABLE = YES;
				IPHONEOS_DEPLOYMENT_TARGET = 17.2;
				LOCALIZATION_PREFERS_STRING_CATALOGS = YES;
				MTL_ENABLE_DEBUG_INFO = INCLUDE_SOURCE;
				MTL_FAST_MATH = YES;
				ONLY_ACTIVE_ARCH = YES;
				SDKROOT = iphoneos;
			};
			name = Debug;
		};
		84DCA0892E372966008E8A26 /* Release */ = {
			isa = XCBuildConfiguration;
			buildSettings = {
				ALWAYS_SEARCH_USER_PATHS = NO;
				ASSETCATALOG_COMPILER_GENERATE_SWIFT_ASSET_SYMBOL_EXTENSIONS = YES;
				CLANG_ANALYZER_NONNULL = YES;
				CLANG_ANALYZER_NUMBER_OBJECT_CONVERSION = YES_AGGRESSIVE;
				CLANG_CXX_LANGUAGE_STANDARD = "gnu++20";
				CLANG_ENABLE_MODULES = YES;
				CLANG_ENABLE_OBJC_ARC = YES;
				CLANG_ENABLE_OBJC_WEAK = YES;
				CLANG_WARN_BLOCK_CAPTURE_AUTORELEASING = YES;
				CLANG_WARN_BOOL_CONVERSION = YES;
				CLANG_WARN_COMMA = YES;
				CLANG_WARN_CONSTANT_CONVERSION = YES;
				CLANG_WARN_DEPRECATED_OBJC_IMPLEMENTATIONS = YES;
				CLANG_WARN_DIRECT_OBJC_ISA_USAGE = YES_ERROR;
				CLANG_WARN_DOCUMENTATION_COMMENTS = YES;
				CLANG_WARN_EMPTY_BODY = YES;
				CLANG_WARN_ENUM_CONVERSION = YES;
				CLANG_WARN_INFINITE_RECURSION = YES;
				CLANG_WARN_INT_CONVERSION = YES;
				CLANG_WARN_NON_LITERAL_NULL_CONVERSION = YES;
				CLANG_WARN_OBJC_IMPLICIT_RETAIN_SELF = YES;
				CLANG_WARN_OBJC_LITERAL_CONVERSION = YES;
				CLANG_WARN_OBJC_ROOT_CLASS = YES_ERROR;
				CLANG_WARN_QUOTED_INCLUDE_IN_FRAMEWORK_HEADER = YES;
				CLANG_WARN_RANGE_LOOP_ANALYSIS = YES;
				CLANG_WARN_STRICT_PROTOTYPES = YES;
				CLANG_WARN_SUSPICIOUS_MOVE = YES;
				CLANG_WARN_UNGUARDED_AVAILABILITY = YES_AGGRESSIVE;
				CLANG_WARN_UNREACHABLE_CODE = YES;
				CLANG_WARN__DUPLICATE_METHOD_MATCH = YES;
				COPY_PHASE_STRIP = NO;
				DEBUG_INFORMATION_FORMAT = "dwarf-with-dsym";
				ENABLE_NS_ASSERTIONS = NO;
				ENABLE_STRICT_OBJC_MSGSEND = YES;
				ENABLE_USER_SCRIPT_SANDBOXING = YES;
				GCC_C_LANGUAGE_STANDARD = gnu17;
				GCC_NO_COMMON_BLOCKS = YES;
				GCC_WARN_64_TO_32_BIT_CONVERSION = YES;
				GCC_WARN_ABOUT_RETURN_TYPE = YES_ERROR;
				GCC_WARN_UNDECLARED_SELECTOR = YES;
				GCC_WARN_UNINITIALIZED_AUTOS = YES_AGGRESSIVE;
				GCC_WARN_UNUSED_FUNCTION = YES;
				GCC_WARN_UNUSED_VARIABLE = YES;
				IPHONEOS_DEPLOYMENT_TARGET = 17.2;
				LOCALIZATION_PREFERS_STRING_CATALOGS = YES;
				MTL_ENABLE_DEBUG_INFO = NO;
				MTL_FAST_MATH = YES;
				SDKROOT = iphoneos;
				VALIDATE_PRODUCT = YES;
			};
			name = Release;
		};
		84DCA08B2E372966008E8A26 /* Debug */ = {
			isa = XCBuildConfiguration;
			buildSettings = {
				ASSETCATALOG_COMPILER_APPICON_NAME = AppIcon;
				ASSETCATALOG_COMPILER_GLOBAL_ACCENT_COLOR_NAME = AccentColor;
				CODE_SIGN_IDENTITY = "Apple Development";
				CODE_SIGN_STYLE = Automatic;
				CURRENT_PROJECT_VERSION = 1;
				DEVELOPMENT_TEAM = QFCE3TAQXQ;
				FRAMEWORK_SEARCH_PATHS = "$(PROJECT_DIR)/FBExampleObjc/libs";
				GENERATE_INFOPLIST_FILE = YES;
				INFOPLIST_FILE = FBExampleObjc/Info.plist;
				INFOPLIST_KEY_CFBundleDisplayName = Facebetter;
				INFOPLIST_KEY_NSCameraUsageDescription = "此应用需要访问相机来进行美颜效果处理";
				INFOPLIST_KEY_NSPhotoLibraryUsageDescription = "此应用需要访问相册来保存处理后的图片";
				INFOPLIST_KEY_UIApplicationSupportsIndirectInputEvents = YES;
				INFOPLIST_KEY_UILaunchStoryboardName = LaunchScreen;
				INFOPLIST_KEY_UIMainStoryboardFile = Main;
				INFOPLIST_KEY_UISupportedInterfaceOrientations_iPad = "UIInterfaceOrientationPortrait UIInterfaceOrientationPortraitUpsideDown UIInterfaceOrientationLandscapeLeft UIInterfaceOrientationLandscapeRight";
				INFOPLIST_KEY_UISupportedInterfaceOrientations_iPhone = "UIInterfaceOrientationPortrait UIInterfaceOrientationLandscapeLeft UIInterfaceOrientationLandscapeRight";
				IPHONEOS_DEPLOYMENT_TARGET = 12.0;
				LD_RUNPATH_SEARCH_PATHS = (
					"$(inherited)",
					"@executable_path/Frameworks",
				);
				MACOSX_DEPLOYMENT_TARGET = 10.13;
				MARKETING_VERSION = 1.0;
				PRODUCT_BUNDLE_IDENTIFIER = com.pixpark.FBExampleObjc;
				PRODUCT_NAME = Facebetter;
				PROVISIONING_PROFILE_SPECIFIER = "";
				SWIFT_EMIT_LOC_STRINGS = YES;
				TARGETED_DEVICE_FAMILY = "1,2";
				TVOS_DEPLOYMENT_TARGET = 12.0;
				WATCHOS_DEPLOYMENT_TARGET = 7.0;
			};
			name = Debug;
		};
		84DCA08C2E372966008E8A26 /* Release */ = {
			isa = XCBuildConfiguration;
			buildSettings = {
				ASSETCATALOG_COMPILER_APPICON_NAME = AppIcon;
				ASSETCATALOG_COMPILER_GLOBAL_ACCENT_COLOR_NAME = AccentColor;
				CODE_SIGN_IDENTITY = "Apple Development";
				CODE_SIGN_STYLE = Automatic;
				CURRENT_PROJECT_VERSION = 1;
				DEVELOPMENT_TEAM = QFCE3TAQXQ;
				FRAMEWORK_SEARCH_PATHS = "$(PROJECT_DIR)/FBExampleObjc/libs";
				GENERATE_INFOPLIST_FILE = YES;
				INFOPLIST_FILE = FBExampleObjc/Info.plist;
				INFOPLIST_KEY_CFBundleDisplayName = Facebetter;
				INFOPLIST_KEY_NSCameraUsageDescription = "此应用需要访问相机来进行美颜效果处理";
				INFOPLIST_KEY_NSPhotoLibraryUsageDescription = "此应用需要访问相册来保存处理后的图片";
				INFOPLIST_KEY_UIApplicationSupportsIndirectInputEvents = YES;
				INFOPLIST_KEY_UILaunchStoryboardName = LaunchScreen;
				INFOPLIST_KEY_UIMainStoryboardFile = Main;
				INFOPLIST_KEY_UISupportedInterfaceOrientations_iPad = "UIInterfaceOrientationPortrait UIInterfaceOrientationPortraitUpsideDown UIInterfaceOrientationLandscapeLeft UIInterfaceOrientationLandscapeRight";
				INFOPLIST_KEY_UISupportedInterfaceOrientations_iPhone = "UIInterfaceOrientationPortrait UIInterfaceOrientationLandscapeLeft UIInterfaceOrientationLandscapeRight";
				IPHONEOS_DEPLOYMENT_TARGET = 12.0;
				LD_RUNPATH_SEARCH_PATHS = (
					"$(inherited)",
					"@executable_path/Frameworks",
				);
				MACOSX_DEPLOYMENT_TARGET = 10.13;
				MARKETING_VERSION = 1.0;
				PRODUCT_BUNDLE_IDENTIFIER = com.pixpark.FBExampleObjc;
				PRODUCT_NAME = Facebetter;
				PROVISIONING_PROFILE_SPECIFIER = "";
				SWIFT_EMIT_LOC_STRINGS = YES;
				TARGETED_DEVICE_FAMILY = "1,2";
				TVOS_DEPLOYMENT_TARGET = 12.0;
				WATCHOS_DEPLOYMENT_TARGET = 7.0;
			};
			name = Release;
		};
/* End XCBuildConfiguration section */

/* Begin XCConfigurationList section */
		84DCA06C2E372964008E8A26 /* Build configuration list for PBXProject "FBExampleObjc" */ = {
			isa = XCConfigurationList;
			buildConfigurations = (
				84DCA0882E372966008E8A26 /* Debug */,
				84DCA0892E372966008E8A26 /* Release */,
			);
			defaultConfigurationIsVisible = 0;
			defaultConfigurationName = Release;
		};
		84DCA08A2E372966008E8A26 /* Build configuration list for PBXNativeTarget "FBExampleObjc" */ = {
			isa = XCConfigurationList;
			buildConfigurations = (
				84DCA08B2E372966008E8A26 /* Debug */,
				84DCA08C2E372966008E8A26 /* Release */,
			);
			defaultConfigurationIsVisible = 0;
			defaultConfigurationName = Release;
		};
/* End XCConfigurationList section */
	};
	rootObject = 84DCA0692E372964008E8A26 /* Project object */;
}
